
Microsoft Visual Studio Solution File, Format Version 12.00
# Visual Studio Version 17
VisualStudioVersion = 17.1.32407.343
MinimumVisualStudioVersion = 10.0.40219.1
Project("{9A19103F-16F7-4668-BE54-9A1E7A4F7556}") = "WebApp_UnderTheHood", "WebApp_UnderTheHood\WebApp_UnderTheHood.csproj", "{D9FB64D5-E3BA-404B-8F65-7E088A39CFCB}"
EndProject
Global
	GlobalSection(SolutionConfigurationPlatforms) = preSolution
		Debug|Any CPU = Debug|Any CPU
		Release|Any CPU = Release|Any CPU
	EndGlobalSection
	GlobalSection(ProjectConfigurationPlatforms) = postSolution
		{D9FB64D5-E3BA-404B-8F65-7E088A39CFCB}.Debug|Any CPU.ActiveCfg = Debug|Any CPU
		{D9FB64D5-E3BA-404B-8F65-7E088A39CFCB}.Debug|Any CPU.Build.0 = Debug|Any CPU
		{D9FB64D5-E3BA-404B-8F65-7E088A39CFCB}.Release|Any CPU.ActiveCfg = Release|Any CPU
		{D9FB64D5-E3BA-404B-8F65-7E088A39CFCB}.Release|Any CPU.Build.0 = Release|Any CPU
	EndGlobalSection
	GlobalSection(SolutionProperties) = preSolution
		HideSolutionNode = FALSE
	EndGlobalSection
	GlobalSection(ExtensibilityGlobals) = postSolution
		SolutionGuid = {4782E9C0-A179-4324-8786-F51C27B1707D}
	EndGlobalSection
EndGlobal
